
Microsoft Visual Studio Solution File, Format Version 12.00
# Visual Studio Version 16
VisualStudioVersion = 16.0.32106.194
MinimumVisualStudioVersion = 10.0.40219.1
Project("{2150E333-8FDC-42A3-9474-1A3956D46DE8}") = "ADO .NET", "ADO .NET", "{FE2BEA37-F48F-40BE-A4BD-DE2D029C2341}"
EndProject
Project("{2150E333-8FDC-42A3-9474-1A3956D46DE8}") = "EF Exercise", "EF Exercise", "{98A336A9-4303-4AF9-A4F6-A06637306700}"
EndProject
Project("{2150E333-8FDC-42A3-9474-1A3956D46DE8}") = "Entity Relations", "Entity Relations", "{BA5933C1-C149-4BA4-8331-47F343867596}"
EndProject
Project("{9A19103F-16F7-4668-BE54-9A1E7A4F7556}") = "AddMinion", "ADO .NET\AddMinion\AddMinion.csproj", "{E0CAC776-7A97-41F6-862A-415F1A4DCD07}"
EndProject
Project("{9A19103F-16F7-4668-BE54-9A1E7A4F7556}") = "IncreaseAgeStoredProcedure", "ADO .NET\IncreaseAgeStoredProcedure\IncreaseAgeStoredProcedure.csproj", "{07521CDE-7A96-4045-8E3A-CD8AB3D2C125}"
EndProject
Project("{9A19103F-16F7-4668-BE54-9A1E7A4F7556}") = "RemoveVillain", "ADO .NET\RemoveVillain\RemoveVillain.csproj", "{4F400442-692F-4283-A78B-1FC269D51D06}"
EndProject
Project("{9A19103F-16F7-4668-BE54-9A1E7A4F7556}") = "SoftUniDatabase", "EF Exercise\SoftUniDatabase\SoftUniDatabase.csproj", "{634DBAD6-6F36-4A8C-A813-6E2A59241C7C}"
EndProject
Project("{2150E333-8FDC-42A3-9474-1A3956D46DE8}") = "1. Student System", "1. Student System", "{817829DA-62B3-497E-8EB2-2C5115E72433}"
EndProject
Project("{9A19103F-16F7-4668-BE54-9A1E7A4F7556}") = "StudentSystem", "Entity Relations\1. Student System\StudentSystem\StudentSystem.csproj", "{BCB7BCAF-DBD3-4453-B208-813467F85E86}"
EndProject
Project("{9A19103F-16F7-4668-BE54-9A1E7A4F7556}") = "FootballBetting", "Entity Relations\FootballBetting\FootballBetting.csproj", "{F2090954-ADAF-4749-91AF-9B4A3EC7C8F9}"
EndProject
Project("{9A19103F-16F7-4668-BE54-9A1E7A4F7556}") = "FootballBetting.Data", "Entity Relations\FootballBetting.Data\FootballBetting.Data.csproj", "{6297D668-F5C6-4541-9394-C9B327045601}"
EndProject
Project("{9A19103F-16F7-4668-BE54-9A1E7A4F7556}") = "FootballBetting.Data.Models", "Entity Relations\FootballBetting.Data.Models\FootballBetting.Data.Models.csproj", "{2FEAD5B7-D5B1-4055-86F8-DDB4906E8F49}"
EndProject
Project("{9A19103F-16F7-4668-BE54-9A1E7A4F7556}") = "FootballBetting.Web", "Entity Relations\FootballBetting.Web\FootballBetting.Web.csproj", "{F5C68DEA-DFAC-4755-BDCE-DA51EABC9D26}"
EndProject
Project("{9A19103F-16F7-4668-BE54-9A1E7A4F7556}") = "MinionNames", "ADO .NET\MinionNames\MinionNames.csproj", "{57231A6F-5EF4-44A6-A35A-7AD57A25B004}"
EndProject
Project("{9A19103F-16F7-4668-BE54-9A1E7A4F7556}") = "VilainNames", "ADO .NET\Vilain Names\VilainNames.csproj", "{244F128F-32B2-424B-BB04-7F10C31FEF9A}"
EndProject
Global
	GlobalSection(SolutionConfigurationPlatforms) = preSolution
		Debug|Any CPU = Debug|Any CPU
		Release|Any CPU = Release|Any CPU
	EndGlobalSection
	GlobalSection(ProjectConfigurationPlatforms) = postSolution
		{E0CAC776-7A97-41F6-862A-415F1A4DCD07}.Debug|Any CPU.ActiveCfg = Debug|Any CPU
		{E0CAC776-7A97-41F6-862A-415F1A4DCD07}.Debug|Any CPU.Build.0 = Debug|Any CPU
		{E0CAC776-7A97-41F6-862A-415F1A4DCD07}.Release|Any CPU.ActiveCfg = Release|Any CPU
		{E0CAC776-7A97-41F6-862A-415F1A4DCD07}.Release|Any CPU.Build.0 = Release|Any CPU
		{07521CDE-7A96-4045-8E3A-CD8AB3D2C125}.Debug|Any CPU.ActiveCfg = Debug|Any CPU
		{07521CDE-7A96-4045-8E3A-CD8AB3D2C125}.Debug|Any CPU.Build.0 = Debug|Any CPU
		{07521CDE-7A96-4045-8E3A-CD8AB3D2C125}.Release|Any CPU.ActiveCfg = Release|Any CPU
		{07521CDE-7A96-4045-8E3A-CD8AB3D2C125}.Release|Any CPU.Build.0 = Release|Any CPU
		{4F400442-692F-4283-A78B-1FC269D51D06}.Debug|Any CPU.ActiveCfg = Debug|Any CPU
		{4F400442-692F-4283-A78B-1FC269D51D06}.Debug|Any CPU.Build.0 = Debug|Any CPU
		{4F400442-692F-4283-A78B-1FC269D51D06}.Release|Any CPU.ActiveCfg = Release|Any CPU
		{4F400442-692F-4283-A78B-1FC269D51D06}.Release|Any CPU.Build.0 = Release|Any CPU
		{634DBAD6-6F36-4A8C-A813-6E2A59241C7C}.Debug|Any CPU.ActiveCfg = Debug|Any CPU
		{634DBAD6-6F36-4A8C-A813-6E2A59241C7C}.Debug|Any CPU.Build.0 = Debug|Any CPU
		{634DBAD6-6F36-4A8C-A813-6E2A59241C7C}.Release|Any CPU.ActiveCfg = Release|Any CPU
		{634DBAD6-6F36-4A8C-A813-6E2A59241C7C}.Release|Any CPU.Build.0 = Release|Any CPU
		{BCB7BCAF-DBD3-4453-B208-813467F85E86}.Debug|Any CPU.ActiveCfg = Debug|Any CPU
		{BCB7BCAF-DBD3-4453-B208-813467F85E86}.Debug|Any CPU.Build.0 = Debug|Any CPU
		{BCB7BCAF-DBD3-4453-B208-813467F85E86}.Release|Any CPU.ActiveCfg = Release|Any CPU
		{BCB7BCAF-DBD3-4453-B208-813467F85E86}.Release|Any CPU.Build.0 = Release|Any CPU
		{F2090954-ADAF-4749-91AF-9B4A3EC7C8F9}.Debug|Any CPU.ActiveCfg = Debug|Any CPU
		{F2090954-ADAF-4749-91AF-9B4A3EC7C8F9}.Debug|Any CPU.Build.0 = Debug|Any CPU
		{F2090954-ADAF-4749-91AF-9B4A3EC7C8F9}.Release|Any CPU.ActiveCfg = Release|Any CPU
		{F2090954-ADAF-4749-91AF-9B4A3EC7C8F9}.Release|Any CPU.Build.0 = Release|Any CPU
		{6297D668-F5C6-4541-9394-C9B327045601}.Debug|Any CPU.ActiveCfg = Debug|Any CPU
		{6297D668-F5C6-4541-9394-C9B327045601}.Debug|Any CPU.Build.0 = Debug|Any CPU
		{6297D668-F5C6-4541-9394-C9B327045601}.Release|Any CPU.ActiveCfg = Release|Any CPU
		{6297D668-F5C6-4541-9394-C9B327045601}.Release|Any CPU.Build.0 = Release|Any CPU
		{2FEAD5B7-D5B1-4055-86F8-DDB4906E8F49}.Debug|Any CPU.ActiveCfg = Debug|Any CPU
		{2FEAD5B7-D5B1-4055-86F8-DDB4906E8F49}.Debug|Any CPU.Build.0 = Debug|Any CPU
		{2FEAD5B7-D5B1-4055-86F8-DDB4906E8F49}.Release|Any CPU.ActiveCfg = Release|Any CPU
		{2FEAD5B7-D5B1-4055-86F8-DDB4906E8F49}.Release|Any CPU.Build.0 = Release|Any CPU
		{F5C68DEA-DFAC-4755-BDCE-DA51EABC9D26}.Debug|Any CPU.ActiveCfg = Debug|Any CPU
		{F5C68DEA-DFAC-4755-BDCE-DA51EABC9D26}.Debug|Any CPU.Build.0 = Debug|Any CPU
		{F5C68DEA-DFAC-4755-BDCE-DA51EABC9D26}.Release|Any CPU.ActiveCfg = Release|Any CPU
		{F5C68DEA-DFAC-4755-BDCE-DA51EABC9D26}.Release|Any CPU.Build.0 = Release|Any CPU
		{57231A6F-5EF4-44A6-A35A-7AD57A25B004}.Debug|Any CPU.ActiveCfg = Debug|Any CPU
		{57231A6F-5EF4-44A6-A35A-7AD57A25B004}.Debug|Any CPU.Build.0 = Debug|Any CPU
		{57231A6F-5EF4-44A6-A35A-7AD57A25B004}.Release|Any CPU.ActiveCfg = Release|Any CPU
		{57231A6F-5EF4-44A6-A35A-7AD57A25B004}.Release|Any CPU.Build.0 = Release|Any CPU
		{244F128F-32B2-424B-BB04-7F10C31FEF9A}.Debug|Any CPU.ActiveCfg = Debug|Any CPU
		{244F128F-32B2-424B-BB04-7F10C31FEF9A}.Debug|Any CPU.Build.0 = Debug|Any CPU
		{244F128F-32B2-424B-BB04-7F10C31FEF9A}.Release|Any CPU.ActiveCfg = Release|Any CPU
		{244F128F-32B2-424B-BB04-7F10C31FEF9A}.Release|Any CPU.Build.0 = Release|Any CPU
	EndGlobalSection
	GlobalSection(SolutionProperties) = preSolution
		HideSolutionNode = FALSE
	EndGlobalSection
	GlobalSection(NestedProjects) = preSolution
		{E0CAC776-7A97-41F6-862A-415F1A4DCD07} = {FE2BEA37-F48F-40BE-A4BD-DE2D029C2341}
		{07521CDE-7A96-4045-8E3A-CD8AB3D2C125} = {FE2BEA37-F48F-40BE-A4BD-DE2D029C2341}
		{4F400442-692F-4283-A78B-1FC269D51D06} = {FE2BEA37-F48F-40BE-A4BD-DE2D029C2341}
		{634DBAD6-6F36-4A8C-A813-6E2A59241C7C} = {98A336A9-4303-4AF9-A4F6-A06637306700}
		{817829DA-62B3-497E-8EB2-2C5115E72433} = {BA5933C1-C149-4BA4-8331-47F343867596}
		{BCB7BCAF-DBD3-4453-B208-813467F85E86} = {817829DA-62B3-497E-8EB2-2C5115E72433}
		{F2090954-ADAF-4749-91AF-9B4A3EC7C8F9} = {BA5933C1-C149-4BA4-8331-47F343867596}
		{6297D668-F5C6-4541-9394-C9B327045601} = {BA5933C1-C149-4BA4-8331-47F343867596}
		{2FEAD5B7-D5B1-4055-86F8-DDB4906E8F49} = {BA5933C1-C149-4BA4-8331-47F343867596}
		{F5C68DEA-DFAC-4755-BDCE-DA51EABC9D26} = {BA5933C1-C149-4BA4-8331-47F343867596}
		{57231A6F-5EF4-44A6-A35A-7AD57A25B004} = {FE2BEA37-F48F-40BE-A4BD-DE2D029C2341}
		{244F128F-32B2-424B-BB04-7F10C31FEF9A} = {FE2BEA37-F48F-40BE-A4BD-DE2D029C2341}
	EndGlobalSection
	GlobalSection(ExtensibilityGlobals) = postSolution
		SolutionGuid = {9C3E788B-AFC5-466E-834F-0FFA8BBB3727}
	EndGlobalSection
EndGlobal
