
Microsoft Visual Studio Solution File, Format Version 12.00
# Visual Studio Version 17
VisualStudioVersion = 17.5.33424.131
MinimumVisualStudioVersion = 10.0.40219.1
Project("{9A19103F-16F7-4668-BE54-9A1E7A4F7556}") = "PetStore.Models", "PetStore.Models\PetStore.Models.csproj", "{4A150285-EC1C-4215-B845-987778979574}"
EndProject
Project("{9A19103F-16F7-4668-BE54-9A1E7A4F7556}") = "PetStore.Data", "PetStore.Data\PetStore.Data.csproj", "{15FC45BC-8E35-4265-9A65-A11720E7457B}"
EndProject
Project("{9A19103F-16F7-4668-BE54-9A1E7A4F7556}") = "PetStore.Common", "PetStore.Common\PetStore.Common.csproj", "{B1EB177B-4622-453A-8EB1-5A38A0A94930}"
EndProject
Project("{9A19103F-16F7-4668-BE54-9A1E7A4F7556}") = "PetStore.ConsoleApplication", "PetStore.ConsoleApplication\PetStore.ConsoleApplication.csproj", "{DA65AE7A-5050-47A3-96CB-96E81C4E0539}"
EndProject
Project("{9A19103F-16F7-4668-BE54-9A1E7A4F7556}") = "PetStore.Services", "PetStore.Services\PetStore.Services.csproj", "{DE96129B-297E-41EC-A457-7BA9D3D5F0EC}"
EndProject
Project("{9A19103F-16F7-4668-BE54-9A1E7A4F7556}") = "PetStore.ServiceModels", "PetStore.ServiceModels\PetStore.ServiceModels.csproj", "{AD633BBF-3098-4BDB-81F7-4DB1AA9A508B}"
EndProject
Project("{9A19103F-16F7-4668-BE54-9A1E7A4F7556}") = "PetStore.Mapping", "PetStore.Mapping\PetStore.Mapping.csproj", "{4482AFA1-D6F5-4A0C-8FC4-5DB90694EC0E}"
EndProject
Project("{FAE04EC0-301F-11D3-BF4B-00C04F79EFBC}") = "PetStore.Web", "PetStore.Web\PetStore.Web.csproj", "{31CEA167-B603-4F96-9170-130B9DA6E03E}"
EndProject
Project("{FAE04EC0-301F-11D3-BF4B-00C04F79EFBC}") = "PetStore.ViewModels", "PetStore.ViewModels\PetStore.ViewModels.csproj", "{090158D8-515D-408A-9C29-536DA3884E74}"
EndProject
Global
	GlobalSection(SolutionConfigurationPlatforms) = preSolution
		Debug|Any CPU = Debug|Any CPU
		Release|Any CPU = Release|Any CPU
	EndGlobalSection
	GlobalSection(ProjectConfigurationPlatforms) = postSolution
		{4A150285-EC1C-4215-B845-987778979574}.Debug|Any CPU.ActiveCfg = Debug|Any CPU
		{4A150285-EC1C-4215-B845-987778979574}.Debug|Any CPU.Build.0 = Debug|Any CPU
		{4A150285-EC1C-4215-B845-987778979574}.Release|Any CPU.ActiveCfg = Release|Any CPU
		{4A150285-EC1C-4215-B845-987778979574}.Release|Any CPU.Build.0 = Release|Any CPU
		{15FC45BC-8E35-4265-9A65-A11720E7457B}.Debug|Any CPU.ActiveCfg = Debug|Any CPU
		{15FC45BC-8E35-4265-9A65-A11720E7457B}.Debug|Any CPU.Build.0 = Debug|Any CPU
		{15FC45BC-8E35-4265-9A65-A11720E7457B}.Release|Any CPU.ActiveCfg = Release|Any CPU
		{15FC45BC-8E35-4265-9A65-A11720E7457B}.Release|Any CPU.Build.0 = Release|Any CPU
		{B1EB177B-4622-453A-8EB1-5A38A0A94930}.Debug|Any CPU.ActiveCfg = Debug|Any CPU
		{B1EB177B-4622-453A-8EB1-5A38A0A94930}.Debug|Any CPU.Build.0 = Debug|Any CPU
		{B1EB177B-4622-453A-8EB1-5A38A0A94930}.Release|Any CPU.ActiveCfg = Release|Any CPU
		{B1EB177B-4622-453A-8EB1-5A38A0A94930}.Release|Any CPU.Build.0 = Release|Any CPU
		{DA65AE7A-5050-47A3-96CB-96E81C4E0539}.Debug|Any CPU.ActiveCfg = Debug|Any CPU
		{DA65AE7A-5050-47A3-96CB-96E81C4E0539}.Debug|Any CPU.Build.0 = Debug|Any CPU
		{DA65AE7A-5050-47A3-96CB-96E81C4E0539}.Release|Any CPU.ActiveCfg = Release|Any CPU
		{DA65AE7A-5050-47A3-96CB-96E81C4E0539}.Release|Any CPU.Build.0 = Release|Any CPU
		{DE96129B-297E-41EC-A457-7BA9D3D5F0EC}.Debug|Any CPU.ActiveCfg = Debug|Any CPU
		{DE96129B-297E-41EC-A457-7BA9D3D5F0EC}.Debug|Any CPU.Build.0 = Debug|Any CPU
		{DE96129B-297E-41EC-A457-7BA9D3D5F0EC}.Release|Any CPU.ActiveCfg = Release|Any CPU
		{DE96129B-297E-41EC-A457-7BA9D3D5F0EC}.Release|Any CPU.Build.0 = Release|Any CPU
		{AD633BBF-3098-4BDB-81F7-4DB1AA9A508B}.Debug|Any CPU.ActiveCfg = Debug|Any CPU
		{AD633BBF-3098-4BDB-81F7-4DB1AA9A508B}.Debug|Any CPU.Build.0 = Debug|Any CPU
		{AD633BBF-3098-4BDB-81F7-4DB1AA9A508B}.Release|Any CPU.ActiveCfg = Release|Any CPU
		{AD633BBF-3098-4BDB-81F7-4DB1AA9A508B}.Release|Any CPU.Build.0 = Release|Any CPU
		{4482AFA1-D6F5-4A0C-8FC4-5DB90694EC0E}.Debug|Any CPU.ActiveCfg = Debug|Any CPU
		{4482AFA1-D6F5-4A0C-8FC4-5DB90694EC0E}.Debug|Any CPU.Build.0 = Debug|Any CPU
		{4482AFA1-D6F5-4A0C-8FC4-5DB90694EC0E}.Release|Any CPU.ActiveCfg = Release|Any CPU
		{4482AFA1-D6F5-4A0C-8FC4-5DB90694EC0E}.Release|Any CPU.Build.0 = Release|Any CPU
		{31CEA167-B603-4F96-9170-130B9DA6E03E}.Debug|Any CPU.ActiveCfg = Debug|Any CPU
		{31CEA167-B603-4F96-9170-130B9DA6E03E}.Debug|Any CPU.Build.0 = Debug|Any CPU
		{31CEA167-B603-4F96-9170-130B9DA6E03E}.Release|Any CPU.ActiveCfg = Release|Any CPU
		{31CEA167-B603-4F96-9170-130B9DA6E03E}.Release|Any CPU.Build.0 = Release|Any CPU
		{090158D8-515D-408A-9C29-536DA3884E74}.Debug|Any CPU.ActiveCfg = Debug|Any CPU
		{090158D8-515D-408A-9C29-536DA3884E74}.Debug|Any CPU.Build.0 = Debug|Any CPU
		{090158D8-515D-408A-9C29-536DA3884E74}.Release|Any CPU.ActiveCfg = Release|Any CPU
		{090158D8-515D-408A-9C29-536DA3884E74}.Release|Any CPU.Build.0 = Release|Any CPU
	EndGlobalSection
	GlobalSection(SolutionProperties) = preSolution
		HideSolutionNode = FALSE
	EndGlobalSection
	GlobalSection(ExtensibilityGlobals) = postSolution
		SolutionGuid = {653FB560-28A9-4B5F-97EC-466BC28A59B8}
	EndGlobalSection
EndGlobal
